{
  "name": "limeros",
  "lockfileVersion": 3,
  "requires": true,
  "packages": {
    "": {
      "dependencies": {
        "deepseek-tui": "^0.8.47"
      }
    },
    "node_modules/deepseek-tui": {
      "version": "0.8.47",
      "resolved": "https://registry.npmjs.org/deepseek-tui/-/deepseek-tui-0.8.47.tgz",
      "integrity": "sha512-4Nb9jLNPz5jVVemR53XJtWUAw3mgeBlnpzA0pzn6sTLq6Q+XT94G2Jz7lB9zqT6P87IWlPv4BEKpUu+ct2dgIg==",
      "deprecated": "deepseek-tui is deprecated — use codewhale instead. Install with: npm install -g codewhale. See https://github.com/Hmbown/CodeWhale",
      "funding": [
        {
          "type": "github",
          "url": "https://github.com/sponsors/Hmbown"
        },
        {
          "type": "buymeacoffee",
          "url": "https://www.buymeacoffee.com/hmbown"
        }
      ],
      "hasInstallScript": true,
      "engines": {
        "node": ">=18"
      }
    }
  }
}
